
Microsoft Visual Studio Solution File, Format Version 12.00
# Visual Studio Version 17
VisualStudioVersion = 17.14.36401.2
MinimumVisualStudioVersion = 10.0.40219.1
Project("{FAE04EC0-301F-11D3-BF4B-00C04F79EFBC}") = "OrdersMicroservice.API", "OrdersMicroservice.API\OrdersMicroservice.API.csproj", "{871083FC-E168-4519-95DE-EF7133A59754}"
EndProject
Project("{FAE04EC0-301F-11D3-BF4B-00C04F79EFBC}") = "BusinessLogicLayer", "BusinessLogicLayer\BusinessLogicLayer.csproj", "{4173F15C-29D6-46B0-899F-1690C001CC3C}"
EndProject
Project("{FAE04EC0-301F-11D3-BF4B-00C04F79EFBC}") = "DataAccessLayer", "DataAccessLayer\DataAccessLayer.csproj", "{A9047DA2-640E-4757-8984-C7A58FA28D92}"
EndProject
Project("{E53339B2-1760-4266-BCC7-CA923CBCF16C}") = "docker-compose", "docker-compose.dcproj", "{81DDED9D-158B-E303-5F62-77A2896D2A5A}"
EndProject
Project("{FAE04EC0-301F-11D3-BF4B-00C04F79EFBC}") = "ApiGateway", "ApiGateway\ApiGateway.csproj", "{EDD49D12-635A-4404-A43E-D99DAEE8EFE1}"
EndProject
Global
	GlobalSection(SolutionConfigurationPlatforms) = preSolution
		Debug|Any CPU = Debug|Any CPU
		Release|Any CPU = Release|Any CPU
	EndGlobalSection
	GlobalSection(ProjectConfigurationPlatforms) = postSolution
		{871083FC-E168-4519-95DE-EF7133A59754}.Debug|Any CPU.ActiveCfg = Debug|Any CPU
		{871083FC-E168-4519-95DE-EF7133A59754}.Debug|Any CPU.Build.0 = Debug|Any CPU
		{871083FC-E168-4519-95DE-EF7133A59754}.Release|Any CPU.ActiveCfg = Release|Any CPU
		{871083FC-E168-4519-95DE-EF7133A59754}.Release|Any CPU.Build.0 = Release|Any CPU
		{4173F15C-29D6-46B0-899F-1690C001CC3C}.Debug|Any CPU.ActiveCfg = Debug|Any CPU
		{4173F15C-29D6-46B0-899F-1690C001CC3C}.Debug|Any CPU.Build.0 = Debug|Any CPU
		{4173F15C-29D6-46B0-899F-1690C001CC3C}.Release|Any CPU.ActiveCfg = Release|Any CPU
		{4173F15C-29D6-46B0-899F-1690C001CC3C}.Release|Any CPU.Build.0 = Release|Any CPU
		{A9047DA2-640E-4757-8984-C7A58FA28D92}.Debug|Any CPU.ActiveCfg = Debug|Any CPU
		{A9047DA2-640E-4757-8984-C7A58FA28D92}.Debug|Any CPU.Build.0 = Debug|Any CPU
		{A9047DA2-640E-4757-8984-C7A58FA28D92}.Release|Any CPU.ActiveCfg = Release|Any CPU
		{A9047DA2-640E-4757-8984-C7A58FA28D92}.Release|Any CPU.Build.0 = Release|Any CPU
		{81DDED9D-158B-E303-5F62-77A2896D2A5A}.Debug|Any CPU.ActiveCfg = Debug|Any CPU
		{81DDED9D-158B-E303-5F62-77A2896D2A5A}.Debug|Any CPU.Build.0 = Debug|Any CPU
		{81DDED9D-158B-E303-5F62-77A2896D2A5A}.Release|Any CPU.ActiveCfg = Release|Any CPU
		{81DDED9D-158B-E303-5F62-77A2896D2A5A}.Release|Any CPU.Build.0 = Release|Any CPU
		{EDD49D12-635A-4404-A43E-D99DAEE8EFE1}.Debug|Any CPU.ActiveCfg = Debug|Any CPU
		{EDD49D12-635A-4404-A43E-D99DAEE8EFE1}.Debug|Any CPU.Build.0 = Debug|Any CPU
		{EDD49D12-635A-4404-A43E-D99DAEE8EFE1}.Release|Any CPU.ActiveCfg = Release|Any CPU
		{EDD49D12-635A-4404-A43E-D99DAEE8EFE1}.Release|Any CPU.Build.0 = Release|Any CPU
	EndGlobalSection
	GlobalSection(SolutionProperties) = preSolution
		HideSolutionNode = FALSE
	EndGlobalSection
	GlobalSection(ExtensibilityGlobals) = postSolution
		SolutionGuid = {693F08D7-BA86-4B3A-BD35-62D0014BDF08}
	EndGlobalSection
EndGlobal
